
Microsoft Visual Studio Solution File, Format Version 12.00
# Visual Studio 14
VisualStudioVersion = 14.0.25420.1
MinimumVisualStudioVersion = 10.0.40219.1
Project("{FAE04EC0-301F-11D3-BF4B-00C04F79EFBC}") = "PCITC.OA.UI.Portal", "PCITC.OA.UI.Portal\PCITC.OA.UI.Portal.csproj", "{6D99D9F7-A688-4888-B3CB-58969991783D}"
EndProject
Project("{FAE04EC0-301F-11D3-BF4B-00C04F79EFBC}") = "PCITC.OA.Model", "PCITC.OA.Model\PCITC.OA.Model.csproj", "{6246B70D-39EF-4F67-98BF-148C5D2B9BD4}"
EndProject
Project("{FAE04EC0-301F-11D3-BF4B-00C04F79EFBC}") = "PCITC.OA.Dal", "PCITC.OA.Dal\PCITC.OA.Dal.csproj", "{9968FD33-7E36-4FA5-9651-4054161218AA}"
EndProject
Project("{FAE04EC0-301F-11D3-BF4B-00C04F79EFBC}") = "PCITC.OA.Common", "PCITC.OA.Common\PCITC.OA.Common.csproj", "{90732C89-8316-4C05-8DBA-7DB813BC3C27}"
EndProject
Project("{FAE04EC0-301F-11D3-BF4B-00C04F79EFBC}") = "PCITC.OA.Bll", "PCITC.OA.Bll\PCITC.OA.Bll.csproj", "{1739357E-A292-4E15-8E17-CBBB6D4FA646}"
EndProject
Project("{FAE04EC0-301F-11D3-BF4B-00C04F79EFBC}") = "PCITC.OA.UnitTest", "PCITC.OA.UnitTest\PCITC.OA.UnitTest.csproj", "{B115C2DB-E801-4AE5-A18F-8146ACE4F7BF}"
EndProject
Project("{FAE04EC0-301F-11D3-BF4B-00C04F79EFBC}") = "PCITC.OA.IDal", "PCITC.OA.IDal\PCITC.OA.IDal.csproj", "{015371F7-CEBA-452F-9F1B-50E680A30D61}"
EndProject
Project("{FAE04EC0-301F-11D3-BF4B-00C04F79EFBC}") = "PCITC.OA.DalFactory", "PCITC.OA.DalFactory\PCITC.OA.DalFactory.csproj", "{306520CB-0907-4DF9-BA3E-C5382C414269}"
EndProject
Project("{FAE04EC0-301F-11D3-BF4B-00C04F79EFBC}") = "PCITC.OA.IBll", "PCITC.OA.IBll\PCITC.OA.IBll.csproj", "{A06F634B-BE26-4581-A6D8-6F8DF9E87E35}"
EndProject
Project("{2150E333-8FDC-42A3-9474-1A3956D46DE8}") = "Bll", "Bll", "{D6191003-543B-48BE-BFE5-31F9EC83D4EA}"
EndProject
Project("{2150E333-8FDC-42A3-9474-1A3956D46DE8}") = "Dal", "Dal", "{A84BD88D-B25B-4162-B90E-65BDF018FE23}"
EndProject
Project("{2150E333-8FDC-42A3-9474-1A3956D46DE8}") = "Model", "Model", "{6FFB6C50-85DB-4F06-897E-C4B0A97BBDEA}"
EndProject
Project("{2150E333-8FDC-42A3-9474-1A3956D46DE8}") = "UI", "UI", "{064D5C5C-B634-4266-8BD7-5E3771B7A8C3}"
EndProject
Project("{2150E333-8FDC-42A3-9474-1A3956D46DE8}") = "UnitTest", "UnitTest", "{2619764C-9AE5-4C58-832D-64AD73610D8C}"
EndProject
Project("{2150E333-8FDC-42A3-9474-1A3956D46DE8}") = "Demos", "Demos", "{DC1FA41A-CB05-401B-A580-0498C527A5E9}"
EndProject
Project("{2150E333-8FDC-42A3-9474-1A3956D46DE8}") = "Common", "Common", "{F748CBBD-8F98-4ACD-BE4B-2D28196A462E}"
EndProject
Project("{FAE04EC0-301F-11D3-BF4B-00C04F79EFBC}") = "Spring.net.Demo", "Spring.net.Demo\Spring.net.Demo.csproj", "{ADF2E521-B46E-47D7-8D9C-144ED15DA456}"
EndProject
Global
	GlobalSection(SolutionConfigurationPlatforms) = preSolution
		Debug|Any CPU = Debug|Any CPU
		Release|Any CPU = Release|Any CPU
	EndGlobalSection
	GlobalSection(ProjectConfigurationPlatforms) = postSolution
		{6D99D9F7-A688-4888-B3CB-58969991783D}.Debug|Any CPU.ActiveCfg = Debug|Any CPU
		{6D99D9F7-A688-4888-B3CB-58969991783D}.Debug|Any CPU.Build.0 = Debug|Any CPU
		{6D99D9F7-A688-4888-B3CB-58969991783D}.Release|Any CPU.ActiveCfg = Release|Any CPU
		{6D99D9F7-A688-4888-B3CB-58969991783D}.Release|Any CPU.Build.0 = Release|Any CPU
		{6246B70D-39EF-4F67-98BF-148C5D2B9BD4}.Debug|Any CPU.ActiveCfg = Debug|Any CPU
		{6246B70D-39EF-4F67-98BF-148C5D2B9BD4}.Debug|Any CPU.Build.0 = Debug|Any CPU
		{6246B70D-39EF-4F67-98BF-148C5D2B9BD4}.Release|Any CPU.ActiveCfg = Release|Any CPU
		{6246B70D-39EF-4F67-98BF-148C5D2B9BD4}.Release|Any CPU.Build.0 = Release|Any CPU
		{9968FD33-7E36-4FA5-9651-4054161218AA}.Debug|Any CPU.ActiveCfg = Debug|Any CPU
		{9968FD33-7E36-4FA5-9651-4054161218AA}.Debug|Any CPU.Build.0 = Debug|Any CPU
		{9968FD33-7E36-4FA5-9651-4054161218AA}.Release|Any CPU.ActiveCfg = Release|Any CPU
		{9968FD33-7E36-4FA5-9651-4054161218AA}.Release|Any CPU.Build.0 = Release|Any CPU
		{90732C89-8316-4C05-8DBA-7DB813BC3C27}.Debug|Any CPU.ActiveCfg = Debug|Any CPU
		{90732C89-8316-4C05-8DBA-7DB813BC3C27}.Debug|Any CPU.Build.0 = Debug|Any CPU
		{90732C89-8316-4C05-8DBA-7DB813BC3C27}.Release|Any CPU.ActiveCfg = Release|Any CPU
		{90732C89-8316-4C05-8DBA-7DB813BC3C27}.Release|Any CPU.Build.0 = Release|Any CPU
		{1739357E-A292-4E15-8E17-CBBB6D4FA646}.Debug|Any CPU.ActiveCfg = Debug|Any CPU
		{1739357E-A292-4E15-8E17-CBBB6D4FA646}.Debug|Any CPU.Build.0 = Debug|Any CPU
		{1739357E-A292-4E15-8E17-CBBB6D4FA646}.Release|Any CPU.ActiveCfg = Release|Any CPU
		{1739357E-A292-4E15-8E17-CBBB6D4FA646}.Release|Any CPU.Build.0 = Release|Any CPU
		{B115C2DB-E801-4AE5-A18F-8146ACE4F7BF}.Debug|Any CPU.ActiveCfg = Debug|Any CPU
		{B115C2DB-E801-4AE5-A18F-8146ACE4F7BF}.Debug|Any CPU.Build.0 = Debug|Any CPU
		{B115C2DB-E801-4AE5-A18F-8146ACE4F7BF}.Release|Any CPU.ActiveCfg = Release|Any CPU
		{B115C2DB-E801-4AE5-A18F-8146ACE4F7BF}.Release|Any CPU.Build.0 = Release|Any CPU
		{015371F7-CEBA-452F-9F1B-50E680A30D61}.Debug|Any CPU.ActiveCfg = Debug|Any CPU
		{015371F7-CEBA-452F-9F1B-50E680A30D61}.Debug|Any CPU.Build.0 = Debug|Any CPU
		{015371F7-CEBA-452F-9F1B-50E680A30D61}.Release|Any CPU.ActiveCfg = Release|Any CPU
		{015371F7-CEBA-452F-9F1B-50E680A30D61}.Release|Any CPU.Build.0 = Release|Any CPU
		{306520CB-0907-4DF9-BA3E-C5382C414269}.Debug|Any CPU.ActiveCfg = Debug|Any CPU
		{306520CB-0907-4DF9-BA3E-C5382C414269}.Debug|Any CPU.Build.0 = Debug|Any CPU
		{306520CB-0907-4DF9-BA3E-C5382C414269}.Release|Any CPU.ActiveCfg = Release|Any CPU
		{306520CB-0907-4DF9-BA3E-C5382C414269}.Release|Any CPU.Build.0 = Release|Any CPU
		{A06F634B-BE26-4581-A6D8-6F8DF9E87E35}.Debug|Any CPU.ActiveCfg = Debug|Any CPU
		{A06F634B-BE26-4581-A6D8-6F8DF9E87E35}.Debug|Any CPU.Build.0 = Debug|Any CPU
		{A06F634B-BE26-4581-A6D8-6F8DF9E87E35}.Release|Any CPU.ActiveCfg = Release|Any CPU
		{A06F634B-BE26-4581-A6D8-6F8DF9E87E35}.Release|Any CPU.Build.0 = Release|Any CPU
		{ADF2E521-B46E-47D7-8D9C-144ED15DA456}.Debug|Any CPU.ActiveCfg = Debug|Any CPU
		{ADF2E521-B46E-47D7-8D9C-144ED15DA456}.Debug|Any CPU.Build.0 = Debug|Any CPU
		{ADF2E521-B46E-47D7-8D9C-144ED15DA456}.Release|Any CPU.ActiveCfg = Release|Any CPU
		{ADF2E521-B46E-47D7-8D9C-144ED15DA456}.Release|Any CPU.Build.0 = Release|Any CPU
	EndGlobalSection
	GlobalSection(SolutionProperties) = preSolution
		HideSolutionNode = FALSE
	EndGlobalSection
	GlobalSection(NestedProjects) = preSolution
		{6D99D9F7-A688-4888-B3CB-58969991783D} = {064D5C5C-B634-4266-8BD7-5E3771B7A8C3}
		{6246B70D-39EF-4F67-98BF-148C5D2B9BD4} = {6FFB6C50-85DB-4F06-897E-C4B0A97BBDEA}
		{9968FD33-7E36-4FA5-9651-4054161218AA} = {A84BD88D-B25B-4162-B90E-65BDF018FE23}
		{90732C89-8316-4C05-8DBA-7DB813BC3C27} = {F748CBBD-8F98-4ACD-BE4B-2D28196A462E}
		{1739357E-A292-4E15-8E17-CBBB6D4FA646} = {D6191003-543B-48BE-BFE5-31F9EC83D4EA}
		{B115C2DB-E801-4AE5-A18F-8146ACE4F7BF} = {2619764C-9AE5-4C58-832D-64AD73610D8C}
		{015371F7-CEBA-452F-9F1B-50E680A30D61} = {A84BD88D-B25B-4162-B90E-65BDF018FE23}
		{306520CB-0907-4DF9-BA3E-C5382C414269} = {A84BD88D-B25B-4162-B90E-65BDF018FE23}
		{A06F634B-BE26-4581-A6D8-6F8DF9E87E35} = {D6191003-543B-48BE-BFE5-31F9EC83D4EA}
		{ADF2E521-B46E-47D7-8D9C-144ED15DA456} = {DC1FA41A-CB05-401B-A580-0498C527A5E9}
	EndGlobalSection
EndGlobal
